// !$*UTF8*$!
{
	archiveVersion = 1;
	classes = {
	};
	objectVersion = 46;
	objects = {

/* Begin PBXBuildFile section */
		08A45B08008F2D663D145AF9 /* Pods_canvasUITests.framework in Frameworks */ = {isa = PBXBuildFile; fileRef = 73EA9FBFC7FC910B96DDA50E /* Pods_canvasUITests.framework */; };
		0913CE7D450C6AAB0D02F462 /* Pods_canvas.framework in Frameworks */ = {isa = PBXBuildFile; fileRef = 0B11F02E1C89DA7CC7D6FCB6 /* Pods_canvas.framework */; };
		AB4257971F0F0D2F00158FB9 /* CanvasViewController.swift in Sources */ = {isa = PBXBuildFile; fileRef = AB4257961F0F0D2F00158FB9 /* CanvasViewController.swift */; };
		CDF6F1EF1F0F0883006E71B8 /* AppDelegate.swift in Sources */ = {isa = PBXBuildFile; fileRef = CDF6F1EE1F0F0883006E71B8 /* AppDelegate.swift */; };
		CDF6F1F11F0F0883006E71B8 /* ViewController.swift in Sources */ = {isa = PBXBuildFile; fileRef = CDF6F1F01F0F0883006E71B8 /* ViewController.swift */; };
		CDF6F1F41F0F0883006E71B8 /* Main.storyboard in Resources */ = {isa = PBXBuildFile; fileRef = CDF6F1F21F0F0883006E71B8 /* Main.storyboard */; };
		CDF6F1F61F0F0883006E71B8 /* Assets.xcassets in Resources */ = {isa = PBXBuildFile; fileRef = CDF6F1F51F0F0883006E71B8 /* Assets.xcassets */; };
		CDF6F1F91F0F0883006E71B8 /* LaunchScreen.storyboard in Resources */ = {isa = PBXBuildFile; fileRef = CDF6F1F71F0F0883006E71B8 /* LaunchScreen.storyboard */; };
		CDF6F2041F0F0883006E71B8 /* canvasTests.swift in Sources */ = {isa = PBXBuildFile; fileRef = CDF6F2031F0F0883006E71B8 /* canvasTests.swift */; };
		CDF6F20F1F0F0883006E71B8 /* canvasUITests.swift in Sources */ = {isa = PBXBuildFile; fileRef = CDF6F20E1F0F0883006E71B8 /* canvasUITests.swift */; };
		D5C5ED2DC54E4ED21DD07F87 /* Pods_canvasTests.framework in Frameworks */ = {isa = PBXBuildFile; fileRef = 7CAD32DA2E3FF5CE34DD8146 /* Pods_canvasTests.framework */; };
/* End PBXBuildFile section */

/* Begin PBXContainerItemProxy section */
		CDF6F2001F0F0883006E71B8 /* PBXContainerItemProxy */ = {
			isa = PBXContainerItemProxy;
			containerPortal = CDF6F1E31F0F0883006E71B8 /* Project object */;
			proxyType = 1;
			remoteGlobalIDString = CDF6F1EA1F0F0883006E71B8;
			remoteInfo = canvas;
		};
		CDF6F20B1F0F0883006E71B8 /* PBXContainerItemProxy */ = {
			isa = PBXContainerItemProxy;
			containerPortal = CDF6F1E31F0F0883006E71B8 /* Project object */;
			proxyType = 1;
			remoteGlobalIDString = CDF6F1EA1F0F0883006E71B8;
			remoteInfo = canvas;
		};
/* End PBXContainerItemProxy section */

/* Begin PBXFileReference section */
		0B11F02E1C89DA7CC7D6FCB6 /* Pods_canvas.framework */ = {isa = PBXFileReference; explicitFileType = wrapper.framework; includeInIndex = 0; path = Pods_canvas.framework; sourceTree = BUILT_PRODUCTS_DIR; };
		13F6985760B8EDB09D860C36 /* Pods-canvasUITests.release.xcconfig */ = {isa = PBXFileReference; includeInIndex = 1; lastKnownFileType = text.xcconfig; name = "Pods-canvasUITests.release.xcconfig"; path = "Pods/Target Support Files/Pods-canvasUITests/Pods-canvasUITests.release.xcconfig"; sourceTree = "<group>"; };
		1456CFAB8ADF34C304A5CF57 /* Pods-canvasTests.debug.xcconfig */ = {isa = PBXFileReference; includeInIndex = 1; lastKnownFileType = text.xcconfig; name = "Pods-canvasTests.debug.xcconfig"; path = "Pods/Target Support Files/Pods-canvasTests/Pods-canvasTests.debug.xcconfig"; sourceTree = "<group>"; };
		5BCF2B17B27CADCC7CAF4CB5 /* Pods-canvasTests.release.xcconfig */ = {isa = PBXFileReference; includeInIndex = 1; lastKnownFileType = text.xcconfig; name = "Pods-canvasTests.release.xcconfig"; path = "Pods/Target Support Files/Pods-canvasTests/Pods-canvasTests.release.xcconfig"; sourceTree = "<group>"; };
		626F18B3CFC719DDC4B49E4B /* Pods-canvas.debug.xcconfig */ = {isa = PBXFileReference; includeInIndex = 1; lastKnownFileType = text.xcconfig; name = "Pods-canvas.debug.xcconfig"; path = "Pods/Target Support Files/Pods-canvas/Pods-canvas.debug.xcconfig"; sourceTree = "<group>"; };
		73EA9FBFC7FC910B96DDA50E /* Pods_canvasUITests.framework */ = {isa = PBXFileReference; explicitFileType = wrapper.framework; includeInIndex = 0; path = Pods_canvasUITests.framework; sourceTree = BUILT_PRODUCTS_DIR; };
		7CAD32DA2E3FF5CE34DD8146 /* Pods_canvasTests.framework */ = {isa = PBXFileReference; explicitFileType = wrapper.framework; includeInIndex = 0; path = Pods_canvasTests.framework; sourceTree = BUILT_PRODUCTS_DIR; };
		AB4257961F0F0D2F00158FB9 /* CanvasViewController.swift */ = {isa = PBXFileReference; fileEncoding = 4; lastKnownFileType = sourcecode.swift; path = CanvasViewController.swift; sourceTree = "<group>"; };
		CDF6F1EB1F0F0883006E71B8 /* canvas.app */ = {isa = PBXFileReference; explicitFileType = wrapper.application; includeInIndex = 0; path = canvas.app; sourceTree = BUILT_PRODUCTS_DIR; };
		CDF6F1EE1F0F0883006E71B8 /* AppDelegate.swift */ = {isa = PBXFileReference; lastKnownFileType = sourcecode.swift; path = AppDelegate.swift; sourceTree = "<group>"; };
		CDF6F1F01F0F0883006E71B8 /* ViewController.swift */ = {isa = PBXFileReference; lastKnownFileType = sourcecode.swift; path = ViewController.swift; sourceTree = "<group>"; };
		CDF6F1F31F0F0883006E71B8 /* Base */ = {isa = PBXFileReference; lastKnownFileType = file.storyboard; name = Base; path = Base.lproj/Main.storyboard; sourceTree = "<group>"; };
		CDF6F1F51F0F0883006E71B8 /* Assets.xcassets */ = {isa = PBXFileReference; lastKnownFileType = folder.assetcatalog; path = Assets.xcassets; sourceTree = "<group>"; };
		CDF6F1F81F0F0883006E71B8 /* Base */ = {isa = PBXFileReference; lastKnownFileType = file.storyboard; name = Base; path = Base.lproj/LaunchScreen.storyboard; sourceTree = "<group>"; };
		CDF6F1FA1F0F0883006E71B8 /* Info.plist */ = {isa = PBXFileReference; lastKnownFileType = text.plist.xml; path = Info.plist; sourceTree = "<group>"; };
		CDF6F1FF1F0F0883006E71B8 /* canvasTests.xctest */ = {isa = PBXFileReference; explicitFileType = wrapper.cfbundle; includeInIndex = 0; path = canvasTests.xctest; sourceTree = BUILT_PRODUCTS_DIR; };
		CDF6F2031F0F0883006E71B8 /* canvasTests.swift */ = {isa = PBXFileReference; lastKnownFileType = sourcecode.swift; path = canvasTests.swift; sourceTree = "<group>"; };
		CDF6F2051F0F0883006E71B8 /* Info.plist */ = {isa = PBXFileReference; lastKnownFileType = text.plist.xml; path = Info.plist; sourceTree = "<group>"; };
		CDF6F20A1F0F0883006E71B8 /* canvasUITests.xctest */ = {isa = PBXFileReference; explicitFileType = wrapper.cfbundle; includeInIndex = 0; path = canvasUITests.xctest; sourceTree = BUILT_PRODUCTS_DIR; };
		CDF6F20E1F0F0883006E71B8 /* canvasUITests.swift */ = {isa = PBXFileReference; lastKnownFileType = sourcecode.swift; path = canvasUITests.swift; sourceTree = "<group>"; };
		CDF6F2101F0F0883006E71B8 /* Info.plist */ = {isa = PBXFileReference; lastKnownFileType = text.plist.xml; path = Info.plist; sourceTree = "<group>"; };
		D990374BE9D87059AD8D83E3 /* Pods-canvasUITests.debug.xcconfig */ = {isa = PBXFileReference; includeInIndex = 1; lastKnownFileType = text.xcconfig; name = "Pods-canvasUITests.debug.xcconfig"; path = "Pods/Target Support Files/Pods-canvasUITests/Pods-canvasUITests.debug.xcconfig"; sourceTree = "<group>"; };
		F08CAB580E6B07C6ECEA8FA0 /* Pods-canvas.release.xcconfig */ = {isa = PBXFileReference; includeInIndex = 1; lastKnownFileType = text.xcconfig; name = "Pods-canvas.release.xcconfig"; path = "Pods/Target Support Files/Pods-canvas/Pods-canvas.release.xcconfig"; sourceTree = "<group>"; };
/* End PBXFileReference section */

/* Begin PBXFrameworksBuildPhase section */
		CDF6F1E81F0F0883006E71B8 /* Frameworks */ = {
			isa = PBXFrameworksBuildPhase;
			buildActionMask = 2147483647;
			files = (
				0913CE7D450C6AAB0D02F462 /* Pods_canvas.framework in Frameworks */,
			);
			runOnlyForDeploymentPostprocessing = 0;
		};
		CDF6F1FC1F0F0883006E71B8 /* Frameworks */ = {
			isa = PBXFrameworksBuildPhase;
			buildActionMask = 2147483647;
			files = (
				D5C5ED2DC54E4ED21DD07F87 /* Pods_canvasTests.framework in Frameworks */,
			);
			runOnlyForDeploymentPostprocessing = 0;
		};
		CDF6F2071F0F0883006E71B8 /* Frameworks */ = {
			isa = PBXFrameworksBuildPhase;
			buildActionMask = 2147483647;
			files = (
				08A45B08008F2D663D145AF9 /* Pods_canvasUITests.framework in Frameworks */,
			);
			runOnlyForDeploymentPostprocessing = 0;
		};
/* End PBXFrameworksBuildPhase section */

/* Begin PBXGroup section */
		C2936D814EAE34490C38F7E3 /* Pods */ = {
			isa = PBXGroup;
			children = (
				626F18B3CFC719DDC4B49E4B /* Pods-canvas.debug.xcconfig */,
				F08CAB580E6B07C6ECEA8FA0 /* Pods-canvas.release.xcconfig */,
				1456CFAB8ADF34C304A5CF57 /* Pods-canvasTests.debug.xcconfig */,
				5BCF2B17B27CADCC7CAF4CB5 /* Pods-canvasTests.release.xcconfig */,
				D990374BE9D87059AD8D83E3 /* Pods-canvasUITests.debug.xcconfig */,
				13F6985760B8EDB09D860C36 /* Pods-canvasUITests.release.xcconfig */,
			);
			name = Pods;
			sourceTree = "<group>";
		};
		CDF6F1E21F0F0883006E71B8 = {
			isa = PBXGroup;
			children = (
				CDF6F1ED1F0F0883006E71B8 /* canvas */,
				CDF6F2021F0F0883006E71B8 /* canvasTests */,
				CDF6F20D1F0F0883006E71B8 /* canvasUITests */,
				CDF6F1EC1F0F0883006E71B8 /* Products */,
				C2936D814EAE34490C38F7E3 /* Pods */,
				E1B0CB1837826289E398E261 /* Frameworks */,
			);
			sourceTree = "<group>";
		};
		CDF6F1EC1F0F0883006E71B8 /* Products */ = {
			isa = PBXGroup;
			children = (
				CDF6F1EB1F0F0883006E71B8 /* canvas.app */,
				CDF6F1FF1F0F0883006E71B8 /* canvasTests.xctest */,
				CDF6F20A1F0F0883006E71B8 /* canvasUITests.xctest */,
			);
			name = Products;
			sourceTree = "<group>";
		};
		CDF6F1ED1F0F0883006E71B8 /* canvas */ = {
			isa = PBXGroup;
			children = (
				CDF6F1EE1F0F0883006E71B8 /* AppDelegate.swift */,
				CDF6F1F01F0F0883006E71B8 /* ViewController.swift */,
				CDF6F1F21F0F0883006E71B8 /* Main.storyboard */,
				CDF6F1F51F0F0883006E71B8 /* Assets.xcassets */,
				CDF6F1F71F0F0883006E71B8 /* LaunchScreen.storyboard */,
				CDF6F1FA1F0F0883006E71B8 /* Info.plist */,
				AB4257961F0F0D2F00158FB9 /* CanvasViewController.swift */,
			);
			path = canvas;
			sourceTree = "<group>";
		};
		CDF6F2021F0F0883006E71B8 /* canvasTests */ = {
			isa = PBXGroup;
			children = (
				CDF6F2031F0F0883006E71B8 /* canvasTests.swift */,
				CDF6F2051F0F0883006E71B8 /* Info.plist */,
			);
			path = canvasTests;
			sourceTree = "<group>";
		};
		CDF6F20D1F0F0883006E71B8 /* canvasUITests */ = {
			isa = PBXGroup;
			children = (
				CDF6F20E1F0F0883006E71B8 /* canvasUITests.swift */,
				CDF6F2101F0F0883006E71B8 /* Info.plist */,
			);
			path = canvasUITests;
			sourceTree = "<group>";
		};
		E1B0CB1837826289E398E261 /* Frameworks */ = {
			isa = PBXGroup;
			children = (
				0B11F02E1C89DA7CC7D6FCB6 /* Pods_canvas.framework */,
				7CAD32DA2E3FF5CE34DD8146 /* Pods_canvasTests.framework */,
				73EA9FBFC7FC910B96DDA50E /* Pods_canvasUITests.framework */,
			);
			name = Frameworks;
			sourceTree = "<group>";
		};
/* End PBXGroup section */

/* Begin PBXNativeTarget section */
		CDF6F1EA1F0F0883006E71B8 /* canvas */ = {
			isa = PBXNativeTarget;
			buildConfigurationList = CDF6F2131F0F0883006E71B8 /* Build configuration list for PBXNativeTarget "canvas" */;
			buildPhases = (
				B5A226D4A684D51258F412AF /* [CP] Check Pods Manifest.lock */,
				CDF6F1E71F0F0883006E71B8 /* Sources */,
				CDF6F1E81F0F0883006E71B8 /* Frameworks */,
				CDF6F1E91F0F0883006E71B8 /* Resources */,
				1B1C949150587DBB14EE8870 /* [CP] Embed Pods Frameworks */,
				04B1EA226594FC989A53372F /* [CP] Copy Pods Resources */,
			);
			buildRules = (
			);
			dependencies = (
			);
			name = canvas;
			productName = canvas;
			productReference = CDF6F1EB1F0F0883006E71B8 /* canvas.app */;
			productType = "com.apple.product-type.application";
		};
		CDF6F1FE1F0F0883006E71B8 /* canvasTests */ = {
			isa = PBXNativeTarget;
			buildConfigurationList = CDF6F2161F0F0883006E71B8 /* Build configuration list for PBXNativeTarget "canvasTests" */;
			buildPhases = (
				8B45755A235F653073BF950C /* [CP] Check Pods Manifest.lock */,
				CDF6F1FB1F0F0883006E71B8 /* Sources */,
				CDF6F1FC1F0F0883006E71B8 /* Frameworks */,
				CDF6F1FD1F0F0883006E71B8 /* Resources */,
				515680541C56CE3129AAB1F0 /* [CP] Embed Pods Frameworks */,
				1885FB89846424F24B1AA968 /* [CP] Copy Pods Resources */,
			);
			buildRules = (
			);
			dependencies = (
				CDF6F2011F0F0883006E71B8 /* PBXTargetDependency */,
			);
			name = canvasTests;
			productName = canvasTests;
			productReference = CDF6F1FF1F0F0883006E71B8 /* canvasTests.xctest */;
			productType = "com.apple.product-type.bundle.unit-test";
		};
		CDF6F2091F0F0883006E71B8 /* canvasUITests */ = {
			isa = PBXNativeTarget;
			buildConfigurationList = CDF6F2191F0F0883006E71B8 /* Build configuration list for PBXNativeTarget "canvasUITests" */;
			buildPhases = (
				870F1792E2C1372E196C0AEB /* [CP] Check Pods Manifest.lock */,
				CDF6F2061F0F0883006E71B8 /* Sources */,
				CDF6F2071F0F0883006E71B8 /* Frameworks */,
				CDF6F2081F0F0883006E71B8 /* Resources */,
				566DF38E7048FCF01C82DA6D /* [CP] Embed Pods Frameworks */,
				1C6135A10BF56DA41DA1739E /* [CP] Copy Pods Resources */,
			);
			buildRules = (
			);
			dependencies = (
				CDF6F20C1F0F0883006E71B8 /* PBXTargetDependency */,
			);
			name = canvasUITests;
			productName = canvasUITests;
			productReference = CDF6F20A1F0F0883006E71B8 /* canvasUITests.xctest */;
			productType = "com.apple.product-type.bundle.ui-testing";
		};
/* End PBXNativeTarget section */

/* Begin PBXProject section */
		CDF6F1E31F0F0883006E71B8 /* Project object */ = {
			isa = PBXProject;
			attributes = {
				LastSwiftUpdateCheck = 0830;
				LastUpgradeCheck = 0830;
				ORGANIZATIONNAME = "Alina and Tiffany!!!";
				TargetAttributes = {
					CDF6F1EA1F0F0883006E71B8 = {
						CreatedOnToolsVersion = 8.3.2;
						ProvisioningStyle = Automatic;
					};
					CDF6F1FE1F0F0883006E71B8 = {
						CreatedOnToolsVersion = 8.3.2;
						ProvisioningStyle = Automatic;
						TestTargetID = CDF6F1EA1F0F0883006E71B8;
					};
					CDF6F2091F0F0883006E71B8 = {
						CreatedOnToolsVersion = 8.3.2;
						ProvisioningStyle = Automatic;
						TestTargetID = CDF6F1EA1F0F0883006E71B8;
					};
				};
			};
			buildConfigurationList = CDF6F1E61F0F0883006E71B8 /* Build configuration list for PBXProject "canvas" */;
			compatibilityVersion = "Xcode 3.2";
			developmentRegion = English;
			hasScannedForEncodings = 0;
			knownRegions = (
				en,
				Base,
			);
			mainGroup = CDF6F1E21F0F0883006E71B8;
			productRefGroup = CDF6F1EC1F0F0883006E71B8 /* Products */;
			projectDirPath = "";
			projectRoot = "";
			targets = (
				CDF6F1EA1F0F0883006E71B8 /* canvas */,
				CDF6F1FE1F0F0883006E71B8 /* canvasTests */,
				CDF6F2091F0F0883006E71B8 /* canvasUITests */,
			);
		};
/* End PBXProject section */

/* Begin PBXResourcesBuildPhase section */
		CDF6F1E91F0F0883006E71B8 /* Resources */ = {
			isa = PBXResourcesBuildPhase;
			buildActionMask = 2147483647;
			files = (
				CDF6F1F91F0F0883006E71B8 /* LaunchScreen.storyboard in Resources */,
				CDF6F1F61F0F0883006E71B8 /* Assets.xcassets in Resources */,
				CDF6F1F41F0F0883006E71B8 /* Main.storyboard in Resources */,
			);
			runOnlyForDeploymentPostprocessing = 0;
		};
		CDF6F1FD1F0F0883006E71B8 /* Resources */ = {
			isa = PBXResourcesBuildPhase;
			buildActionMask = 2147483647;
			files = (
			);
			runOnlyForDeploymentPostprocessing = 0;
		};
		CDF6F2081F0F0883006E71B8 /* Resources */ = {
			isa = PBXResourcesBuildPhase;
			buildActionMask = 2147483647;
			files = (
			);
			runOnlyForDeploymentPostprocessing = 0;
		};
/* End PBXResourcesBuildPhase section */

/* Begin PBXShellScriptBuildPhase section */
		04B1EA226594FC989A53372F /* [CP] Copy Pods Resources */ = {
			isa = PBXShellScriptBuildPhase;
			buildActionMask = 2147483647;
			files = (
			);
			inputPaths = (
			);
			name = "[CP] Copy Pods Resources";
			outputPaths = (
			);
			runOnlyForDeploymentPostprocessing = 0;
			shellPath = /bin/sh;
			shellScript = "\"${SRCROOT}/Pods/Target Support Files/Pods-canvas/Pods-canvas-resources.sh\"\n";
			showEnvVarsInLog = 0;
		};
		1885FB89846424F24B1AA968 /* [CP] Copy Pods Resources */ = {
			isa = PBXShellScriptBuildPhase;
			buildActionMask = 2147483647;
			files = (
			);
			inputPaths = (
			);
			name = "[CP] Copy Pods Resources";
			outputPaths = (
			);
			runOnlyForDeploymentPostprocessing = 0;
			shellPath = /bin/sh;
			shellScript = "\"${SRCROOT}/Pods/Target Support Files/Pods-canvasTests/Pods-canvasTests-resources.sh\"\n";
			showEnvVarsInLog = 0;
		};
		1B1C949150587DBB14EE8870 /* [CP] Embed Pods Frameworks */ = {
			isa = PBXShellScriptBuildPhase;
			buildActionMask = 2147483647;
			files = (
			);
			inputPaths = (
			);
			name = "[CP] Embed Pods Frameworks";
			outputPaths = (
			);
			runOnlyForDeploymentPostprocessing = 0;
			shellPath = /bin/sh;
			shellScript = "\"${SRCROOT}/Pods/Target Support Files/Pods-canvas/Pods-canvas-frameworks.sh\"\n";
			showEnvVarsInLog = 0;
		};
		1C6135A10BF56DA41DA1739E /* [CP] Copy Pods Resources */ = {
			isa = PBXShellScriptBuildPhase;
			buildActionMask = 2147483647;
			files = (
			);
			inputPaths = (
			);
			name = "[CP] Copy Pods Resources";
			outputPaths = (
			);
			runOnlyForDeploymentPostprocessing = 0;
			shellPath = /bin/sh;
			shellScript = "\"${SRCROOT}/Pods/Target Support Files/Pods-canvasUITests/Pods-canvasUITests-resources.sh\"\n";
			showEnvVarsInLog = 0;
		};
		515680541C56CE3129AAB1F0 /* [CP] Embed Pods Frameworks */ = {
			isa = PBXShellScriptBuildPhase;
			buildActionMask = 2147483647;
			files = (
			);
			inputPaths = (
			);
			name = "[CP] Embed Pods Frameworks";
			outputPaths = (
			);
			runOnlyForDeploymentPostprocessing = 0;
			shellPath = /bin/sh;
			shellScript = "\"${SRCROOT}/Pods/Target Support Files/Pods-canvasTests/Pods-canvasTests-frameworks.sh\"\n";
			showEnvVarsInLog = 0;
		};
		566DF38E7048FCF01C82DA6D /* [CP] Embed Pods Frameworks */ = {
			isa = PBXShellScriptBuildPhase;
			buildActionMask = 2147483647;
			files = (
			);
			inputPaths = (
			);
			name = "[CP] Embed Pods Frameworks";
			outputPaths = (
			);
			runOnlyForDeploymentPostprocessing = 0;
			shellPath = /bin/sh;
			shellScript = "\"${SRCROOT}/Pods/Target Support Files/Pods-canvasUITests/Pods-canvasUITests-frameworks.sh\"\n";
			showEnvVarsInLog = 0;
		};
		870F1792E2C1372E196C0AEB /* [CP] Check Pods Manifest.lock */ = {
			isa = PBXShellScriptBuildPhase;
			buildActionMask = 2147483647;
			files = (
			);
			inputPaths = (
			);
			name = "[CP] Check Pods Manifest.lock";
			outputPaths = (
			);
			runOnlyForDeploymentPostprocessing = 0;
			shellPath = /bin/sh;
			shellScript = "diff \"${PODS_PODFILE_DIR_PATH}/Podfile.lock\" \"${PODS_ROOT}/Manifest.lock\" > /dev/null\nif [ $? != 0 ] ; then\n    # print error to STDERR\n    echo \"error: The sandbox is not in sync with the Podfile.lock. Run 'pod install' or update your CocoaPods installation.\" >&2\n    exit 1\nfi\n";
			showEnvVarsInLog = 0;
		};
		8B45755A235F653073BF950C /* [CP] Check Pods Manifest.lock */ = {
			isa = PBXShellScriptBuildPhase;
			buildActionMask = 2147483647;
			files = (
			);
			inputPaths = (
			);
			name = "[CP] Check Pods Manifest.lock";
			outputPaths = (
			);
			runOnlyForDeploymentPostprocessing = 0;
			shellPath = /bin/sh;
			shellScript = "diff \"${PODS_PODFILE_DIR_PATH}/Podfile.lock\" \"${PODS_ROOT}/Manifest.lock\" > /dev/null\nif [ $? != 0 ] ; then\n    # print error to STDERR\n    echo \"error: The sandbox is not in sync with the Podfile.lock. Run 'pod install' or update your CocoaPods installation.\" >&2\n    exit 1\nfi\n";
			showEnvVarsInLog = 0;
		};
		B5A226D4A684D51258F412AF /* [CP] Check Pods Manifest.lock */ = {
			isa = PBXShellScriptBuildPhase;
			buildActionMask = 2147483647;
			files = (
			);
			inputPaths = (
			);
			name = "[CP] Check Pods Manifest.lock";
			outputPaths = (
			);
			runOnlyForDeploymentPostprocessing = 0;
			shellPath = /bin/sh;
			shellScript = "diff \"${PODS_PODFILE_DIR_PATH}/Podfile.lock\" \"${PODS_ROOT}/Manifest.lock\" > /dev/null\nif [ $? != 0 ] ; then\n    # print error to STDERR\n    echo \"error: The sandbox is not in sync with the Podfile.lock. Run 'pod install' or update your CocoaPods installation.\" >&2\n    exit 1\nfi\n";
			showEnvVarsInLog = 0;
		};
/* End PBXShellScriptBuildPhase section */

/* Begin PBXSourcesBuildPhase section */
		CDF6F1E71F0F0883006E71B8 /* Sources */ = {
			isa = PBXSourcesBuildPhase;
			buildActionMask = 2147483647;
			files = (
				CDF6F1F11F0F0883006E71B8 /* ViewController.swift in Sources */,
				AB4257971F0F0D2F00158FB9 /* CanvasViewController.swift in Sources */,
				CDF6F1EF1F0F0883006E71B8 /* AppDelegate.swift in Sources */,
			);
			runOnlyForDeploymentPostprocessing = 0;
		};
		CDF6F1FB1F0F0883006E71B8 /* Sources */ = {
			isa = PBXSourcesBuildPhase;
			buildActionMask = 2147483647;
			files = (
				CDF6F2041F0F0883006E71B8 /* canvasTests.swift in Sources */,
			);
			runOnlyForDeploymentPostprocessing = 0;
		};
		CDF6F2061F0F0883006E71B8 /* Sources */ = {
			isa = PBXSourcesBuildPhase;
			buildActionMask = 2147483647;
			files = (
				CDF6F20F1F0F0883006E71B8 /* canvasUITests.swift in Sources */,
			);
			runOnlyForDeploymentPostprocessing = 0;
		};
/* End PBXSourcesBuildPhase section */

/* Begin PBXTargetDependency section */
		CDF6F2011F0F0883006E71B8 /* PBXTargetDependency */ = {
			isa = PBXTargetDependency;
			target = CDF6F1EA1F0F0883006E71B8 /* canvas */;
			targetProxy = CDF6F2001F0F0883006E71B8 /* PBXContainerItemProxy */;
		};
		CDF6F20C1F0F0883006E71B8 /* PBXTargetDependency */ = {
			isa = PBXTargetDependency;
			target = CDF6F1EA1F0F0883006E71B8 /* canvas */;
			targetProxy = CDF6F20B1F0F0883006E71B8 /* PBXContainerItemProxy */;
		};
/* End PBXTargetDependency section */

/* Begin PBXVariantGroup section */
		CDF6F1F21F0F0883006E71B8 /* Main.storyboard */ = {
			isa = PBXVariantGroup;
			children = (
				CDF6F1F31F0F0883006E71B8 /* Base */,
			);
			name = Main.storyboard;
			sourceTree = "<group>";
		};
		CDF6F1F71F0F0883006E71B8 /* LaunchScreen.storyboard */ = {
			isa = PBXVariantGroup;
			children = (
				CDF6F1F81F0F0883006E71B8 /* Base */,
			);
			name = LaunchScreen.storyboard;
			sourceTree = "<group>";
		};
/* End PBXVariantGroup section */

/* Begin XCBuildConfiguration section */
		CDF6F2111F0F0883006E71B8 /* Debug */ = {
			isa = XCBuildConfiguration;
			buildSettings = {
				ALWAYS_SEARCH_USER_PATHS = NO;
				CLANG_ANALYZER_NONNULL = YES;
				CLANG_ANALYZER_NUMBER_OBJECT_CONVERSION = YES_AGGRESSIVE;
				CLANG_CXX_LANGUAGE_STANDARD = "gnu++0x";
				CLANG_CXX_LIBRARY = "libc++";
				CLANG_ENABLE_MODULES = YES;
				CLANG_ENABLE_OBJC_ARC = YES;
				CLANG_WARN_BOOL_CONVERSION = YES;
				CLANG_WARN_CONSTANT_CONVERSION = YES;
				CLANG_WARN_DIRECT_OBJC_ISA_USAGE = YES_ERROR;
				CLANG_WARN_DOCUMENTATION_COMMENTS = YES;
				CLANG_WARN_EMPTY_BODY = YES;
				CLANG_WARN_ENUM_CONVERSION = YES;
				CLANG_WARN_INFINITE_RECURSION = YES;
				CLANG_WARN_INT_CONVERSION = YES;
				CLANG_WARN_OBJC_ROOT_CLASS = YES_ERROR;
				CLANG_WARN_SUSPICIOUS_MOVE = YES;
				CLANG_WARN_UNREACHABLE_CODE = YES;
				CLANG_WARN__DUPLICATE_METHOD_MATCH = YES;
				"CODE_SIGN_IDENTITY[sdk=iphoneos*]" = "iPhone Developer";
				COPY_PHASE_STRIP = NO;
				DEBUG_INFORMATION_FORMAT = dwarf;
				ENABLE_STRICT_OBJC_MSGSEND = YES;
				ENABLE_TESTABILITY = YES;
				GCC_C_LANGUAGE_STANDARD = gnu99;
				GCC_DYNAMIC_NO_PIC = NO;
				GCC_NO_COMMON_BLOCKS = YES;
				GCC_OPTIMIZATION_LEVEL = 0;
				GCC_PREPROCESSOR_DEFINITIONS = (
					"DEBUG=1",
					"$(inherited)",
				);
				GCC_WARN_64_TO_32_BIT_CONVERSION = YES;
				GCC_WARN_ABOUT_RETURN_TYPE = YES_ERROR;
				GCC_WARN_UNDECLARED_SELECTOR = YES;
				GCC_WARN_UNINITIALIZED_AUTOS = YES_AGGRESSIVE;
				GCC_WARN_UNUSED_FUNCTION = YES;
				GCC_WARN_UNUSED_VARIABLE = YES;
				IPHONEOS_DEPLOYMENT_TARGET = 10.3;
				MTL_ENABLE_DEBUG_INFO = YES;
				ONLY_ACTIVE_ARCH = YES;
				SDKROOT = iphoneos;
				SWIFT_ACTIVE_COMPILATION_CONDITIONS = DEBUG;
				SWIFT_OPTIMIZATION_LEVEL = "-Onone";
			};
			name = Debug;
		};
		CDF6F2121F0F0883006E71B8 /* Release */ = {
			isa = XCBuildConfiguration;
			buildSettings = {
				ALWAYS_SEARCH_USER_PATHS = NO;
				CLANG_ANALYZER_NONNULL = YES;
				CLANG_ANALYZER_NUMBER_OBJECT_CONVERSION = YES_AGGRESSIVE;
				CLANG_CXX_LANGUAGE_STANDARD = "gnu++0x";
				CLANG_CXX_LIBRARY = "libc++";
				CLANG_ENABLE_MODULES = YES;
				CLANG_ENABLE_OBJC_ARC = YES;
				CLANG_WARN_BOOL_CONVERSION = YES;
				CLANG_WARN_CONSTANT_CONVERSION = YES;
				CLANG_WARN_DIRECT_OBJC_ISA_USAGE = YES_ERROR;
				CLANG_WARN_DOCUMENTATION_COMMENTS = YES;
				CLANG_WARN_EMPTY_BODY = YES;
				CLANG_WARN_ENUM_CONVERSION = YES;
				CLANG_WARN_INFINITE_RECURSION = YES;
				CLANG_WARN_INT_CONVERSION = YES;
				CLANG_WARN_OBJC_ROOT_CLASS = YES_ERROR;
				CLANG_WARN_SUSPICIOUS_MOVE = YES;
				CLANG_WARN_UNREACHABLE_CODE = YES;
				CLANG_WARN__DUPLICATE_METHOD_MATCH = YES;
				"CODE_SIGN_IDENTITY[sdk=iphoneos*]" = "iPhone Developer";
				COPY_PHASE_STRIP = NO;
				DEBUG_INFORMATION_FORMAT = "dwarf-with-dsym";
				ENABLE_NS_ASSERTIONS = NO;
				ENABLE_STRICT_OBJC_MSGSEND = YES;
				GCC_C_LANGUAGE_STANDARD = gnu99;
				GCC_NO_COMMON_BLOCKS = YES;
				GCC_WARN_64_TO_32_BIT_CONVERSION = YES;
				GCC_WARN_ABOUT_RETURN_TYPE = YES_ERROR;
				GCC_WARN_UNDECLARED_SELECTOR = YES;
				GCC_WARN_UNINITIALIZED_AUTOS = YES_AGGRESSIVE;
				GCC_WARN_UNUSED_FUNCTION = YES;
				GCC_WARN_UNUSED_VARIABLE = YES;
				IPHONEOS_DEPLOYMENT_TARGET = 10.3;
				MTL_ENABLE_DEBUG_INFO = NO;
				SDKROOT = iphoneos;
				SWIFT_OPTIMIZATION_LEVEL = "-Owholemodule";
				VALIDATE_PRODUCT = YES;
			};
			name = Release;
		};
		CDF6F2141F0F0883006E71B8 /* Debug */ = {
			isa = XCBuildConfiguration;
			baseConfigurationReference = 626F18B3CFC719DDC4B49E4B /* Pods-canvas.debug.xcconfig */;
			buildSettings = {
				ASSETCATALOG_COMPILER_APPICON_NAME = AppIcon;
				INFOPLIST_FILE = canvas/Info.plist;
				LD_RUNPATH_SEARCH_PATHS = "$(inherited) @executable_path/Frameworks";
				PRODUCT_BUNDLE_IDENTIFIER = com.pod4.canvas;
				PRODUCT_NAME = "$(TARGET_NAME)";
				SWIFT_VERSION = 3.0;
			};
			name = Debug;
		};
		CDF6F2151F0F0883006E71B8 /* Release */ = {
			isa = XCBuildConfiguration;
			baseConfigurationReference = F08CAB580E6B07C6ECEA8FA0 /* Pods-canvas.release.xcconfig */;
			buildSettings = {
				ASSETCATALOG_COMPILER_APPICON_NAME = AppIcon;
				INFOPLIST_FILE = canvas/Info.plist;
				LD_RUNPATH_SEARCH_PATHS = "$(inherited) @executable_path/Frameworks";
				PRODUCT_BUNDLE_IDENTIFIER = com.pod4.canvas;
				PRODUCT_NAME = "$(TARGET_NAME)";
				SWIFT_VERSION = 3.0;
			};
			name = Release;
		};
		CDF6F2171F0F0883006E71B8 /* Debug */ = {
			isa = XCBuildConfiguration;
			baseConfigurationReference = 1456CFAB8ADF34C304A5CF57 /* Pods-canvasTests.debug.xcconfig */;
			buildSettings = {
				ALWAYS_EMBED_SWIFT_STANDARD_LIBRARIES = YES;
				BUNDLE_LOADER = "$(TEST_HOST)";
				INFOPLIST_FILE = canvasTests/Info.plist;
				LD_RUNPATH_SEARCH_PATHS = "$(inherited) @executable_path/Frameworks @loader_path/Frameworks";
				PRODUCT_BUNDLE_IDENTIFIER = com.pod4.canvasTests;
				PRODUCT_NAME = "$(TARGET_NAME)";
				SWIFT_VERSION = 3.0;
				TEST_HOST = "$(BUILT_PRODUCTS_DIR)/canvas.app/canvas";
			};
			name = Debug;
		};
		CDF6F2181F0F0883006E71B8 /* Release */ = {
			isa = XCBuildConfiguration;
			baseConfigurationReference = 5BCF2B17B27CADCC7CAF4CB5 /* Pods-canvasTests.release.xcconfig */;
			buildSettings = {
				ALWAYS_EMBED_SWIFT_STANDARD_LIBRARIES = YES;
				BUNDLE_LOADER = "$(TEST_HOST)";
				INFOPLIST_FILE = canvasTests/Info.plist;
				LD_RUNPATH_SEARCH_PATHS = "$(inherited) @executable_path/Frameworks @loader_path/Frameworks";
				PRODUCT_BUNDLE_IDENTIFIER = com.pod4.canvasTests;
				PRODUCT_NAME = "$(TARGET_NAME)";
				SWIFT_VERSION = 3.0;
				TEST_HOST = "$(BUILT_PRODUCTS_DIR)/canvas.app/canvas";
			};
			name = Release;
		};
		CDF6F21A1F0F0883006E71B8 /* Debug */ = {
			isa = XCBuildConfiguration;
			baseConfigurationReference = D990374BE9D87059AD8D83E3 /* Pods-canvasUITests.debug.xcconfig */;
			buildSettings = {
				ALWAYS_EMBED_SWIFT_STANDARD_LIBRARIES = YES;
				INFOPLIST_FILE = canvasUITests/Info.plist;
				LD_RUNPATH_SEARCH_PATHS = "$(inherited) @executable_path/Frameworks @loader_path/Frameworks";
				PRODUCT_BUNDLE_IDENTIFIER = com.pod4.canvasUITests;
				PRODUCT_NAME = "$(TARGET_NAME)";
				SWIFT_VERSION = 3.0;
				TEST_TARGET_NAME = canvas;
			};
			name = Debug;
		};
		CDF6F21B1F0F0883006E71B8 /* Release */ = {
			isa = XCBuildConfiguration;
			baseConfigurationReference = 13F6985760B8EDB09D860C36 /* Pods-canvasUITests.release.xcconfig */;
			buildSettings = {
				ALWAYS_EMBED_SWIFT_STANDARD_LIBRARIES = YES;
				INFOPLIST_FILE = canvasUITests/Info.plist;
				LD_RUNPATH_SEARCH_PATHS = "$(inherited) @executable_path/Frameworks @loader_path/Frameworks";
				PRODUCT_BUNDLE_IDENTIFIER = com.pod4.canvasUITests;
				PRODUCT_NAME = "$(TARGET_NAME)";
				SWIFT_VERSION = 3.0;
				TEST_TARGET_NAME = canvas;
			};
			name = Release;
		};
/* End XCBuildConfiguration section */

/* Begin XCConfigurationList section */
		CDF6F1E61F0F0883006E71B8 /* Build configuration list for PBXProject "canvas" */ = {
			isa = XCConfigurationList;
			buildConfigurations = (
				CDF6F2111F0F0883006E71B8 /* Debug */,
				CDF6F2121F0F0883006E71B8 /* Release */,
			);
			defaultConfigurationIsVisible = 0;
			defaultConfigurationName = Release;
		};
		CDF6F2131F0F0883006E71B8 /* Build configuration list for PBXNativeTarget "canvas" */ = {
			isa = XCConfigurationList;
			buildConfigurations = (
				CDF6F2141F0F0883006E71B8 /* Debug */,
				CDF6F2151F0F0883006E71B8 /* Release */,
			);
			defaultConfigurationIsVisible = 0;
			defaultConfigurationName = Release;
		};
		CDF6F2161F0F0883006E71B8 /* Build configuration list for PBXNativeTarget "canvasTests" */ = {
			isa = XCConfigurationList;
			buildConfigurations = (
				CDF6F2171F0F0883006E71B8 /* Debug */,
				CDF6F2181F0F0883006E71B8 /* Release */,
			);
			defaultConfigurationIsVisible = 0;
			defaultConfigurationName = Release;
		};
		CDF6F2191F0F0883006E71B8 /* Build configuration list for PBXNativeTarget "canvasUITests" */ = {
			isa = XCConfigurationList;
			buildConfigurations = (
				CDF6F21A1F0F0883006E71B8 /* Debug */,
				CDF6F21B1F0F0883006E71B8 /* Release */,
			);
			defaultConfigurationIsVisible = 0;
			defaultConfigurationName = Release;
		};
/* End XCConfigurationList section */
	};
	rootObject = CDF6F1E31F0F0883006E71B8 /* Project object */;
}
